
Microsoft Visual Studio Solution File, Format Version 12.00
# Visual Studio Version 17
VisualStudioVersion = 17.3.32929.385
MinimumVisualStudioVersion = 10.0.40219.1
Project("{9A19103F-16F7-4668-BE54-9A1E7A4F7556}") = "ProiectASPNET", "ProiectASPNET\ProiectASPNET.csproj", "{3FA382F3-37CC-4E45-BE69-6FC8CF1A0EF4}"
EndProject
Project("{FAE04EC0-301F-11D3-BF4B-00C04F79EFBC}") = "DAL", "DAL\DAL.csproj", "{3DB4B37D-8359-43DA-B0D3-CEAF072FEDBF}"
EndProject
Global
	GlobalSection(SolutionConfigurationPlatforms) = preSolution
		Debug|Any CPU = Debug|Any CPU
		Release|Any CPU = Release|Any CPU
	EndGlobalSection
	GlobalSection(ProjectConfigurationPlatforms) = postSolution
		{3FA382F3-37CC-4E45-BE69-6FC8CF1A0EF4}.Debug|Any CPU.ActiveCfg = Debug|Any CPU
		{3FA382F3-37CC-4E45-BE69-6FC8CF1A0EF4}.Debug|Any CPU.Build.0 = Debug|Any CPU
		{3FA382F3-37CC-4E45-BE69-6FC8CF1A0EF4}.Release|Any CPU.ActiveCfg = Release|Any CPU
		{3FA382F3-37CC-4E45-BE69-6FC8CF1A0EF4}.Release|Any CPU.Build.0 = Release|Any CPU
		{3DB4B37D-8359-43DA-B0D3-CEAF072FEDBF}.Debug|Any CPU.ActiveCfg = Debug|Any CPU
		{3DB4B37D-8359-43DA-B0D3-CEAF072FEDBF}.Debug|Any CPU.Build.0 = Debug|Any CPU
		{3DB4B37D-8359-43DA-B0D3-CEAF072FEDBF}.Release|Any CPU.ActiveCfg = Release|Any CPU
		{3DB4B37D-8359-43DA-B0D3-CEAF072FEDBF}.Release|Any CPU.Build.0 = Release|Any CPU
	EndGlobalSection
	GlobalSection(SolutionProperties) = preSolution
		HideSolutionNode = FALSE
	EndGlobalSection
	GlobalSection(ExtensibilityGlobals) = postSolution
		SolutionGuid = {94309C2A-8473-453E-AD5B-DAA2F00BADEE}
	EndGlobalSection
EndGlobal
